
Microsoft Visual Studio Solution File, Format Version 12.00
# Visual Studio 15
VisualStudioVersion = 15.0.27703.2026
MinimumVisualStudioVersion = 10.0.40219.1
Project("{9A19103F-16F7-4668-BE54-9A1E7A4F7556}") = "web4fancyproj", "web4fancyproj.csproj", "{702C3784-1D4E-44BB-BFFF-ECF5716E4DD1}"
EndProject
Global
	GlobalSection(SolutionConfigurationPlatforms) = preSolution
		Debug|Any CPU = Debug|Any CPU
		Release|Any CPU = Release|Any CPU
	EndGlobalSection
	GlobalSection(ProjectConfigurationPlatforms) = postSolution
		{702C3784-1D4E-44BB-BFFF-ECF5716E4DD1}.Debug|Any CPU.ActiveCfg = Debug|Any CPU
		{702C3784-1D4E-44BB-BFFF-ECF5716E4DD1}.Debug|Any CPU.Build.0 = Debug|Any CPU
		{702C3784-1D4E-44BB-BFFF-ECF5716E4DD1}.Release|Any CPU.ActiveCfg = Release|Any CPU
		{702C3784-1D4E-44BB-BFFF-ECF5716E4DD1}.Release|Any CPU.Build.0 = Release|Any CPU
	EndGlobalSection
	GlobalSection(SolutionProperties) = preSolution
		HideSolutionNode = FALSE
	EndGlobalSection
	GlobalSection(ExtensibilityGlobals) = postSolution
		SolutionGuid = {381CA02A-1BF6-4799-9F14-3DC54E5F16D0}
	EndGlobalSection
EndGlobal
